
Microsoft Visual Studio Solution File, Format Version 11.00
# Visual Studio 2010
Project("{FAE04EC0-301F-11D3-BF4B-00C04F79EFBC}") = "Assembly-CSharp", "Assembly-CSharp.csproj", "{290c1c51-8933-ec4c-eb8d-6a643fcd1d61}"
EndProject
Project("{FAE04EC0-301F-11D3-BF4B-00C04F79EFBC}") = "com.jimhy.aamt.runtime", "com.jimhy.aamt.runtime.csproj", "{c16b0091-88cc-a47e-2f5c-d67cf5c13f9b}"
EndProject
Project("{FAE04EC0-301F-11D3-BF4B-00C04F79EFBC}") = "aamt.editor", "aamt.editor.csproj", "{1ef46eaa-aa43-2914-e7a6-43873d5e796c}"
EndProject
Global
	GlobalSection(SolutionConfigurationPlatforms) = preSolution
		Debug|Any CPU = Debug|Any CPU
	EndGlobalSection
	GlobalSection(ProjectConfigurationPlatforms) = postSolution
		{290c1c51-8933-ec4c-eb8d-6a643fcd1d61}.Debug|Any CPU.ActiveCfg = Debug|Any CPU
		{290c1c51-8933-ec4c-eb8d-6a643fcd1d61}.Debug|Any CPU.Build.0 = Debug|Any CPU
		{c16b0091-88cc-a47e-2f5c-d67cf5c13f9b}.Debug|Any CPU.ActiveCfg = Debug|Any CPU
		{c16b0091-88cc-a47e-2f5c-d67cf5c13f9b}.Debug|Any CPU.Build.0 = Debug|Any CPU
		{1ef46eaa-aa43-2914-e7a6-43873d5e796c}.Debug|Any CPU.ActiveCfg = Debug|Any CPU
		{1ef46eaa-aa43-2914-e7a6-43873d5e796c}.Debug|Any CPU.Build.0 = Debug|Any CPU
	EndGlobalSection
	GlobalSection(SolutionProperties) = preSolution
		HideSolutionNode = FALSE
	EndGlobalSection
EndGlobal
